
Microsoft Visual Studio Solution File, Format Version 12.00
# Visual Studio Version 17
VisualStudioVersion = 17.0.31903.59
MinimumVisualStudioVersion = 10.0.40219.1
Project("{FAE04EC0-301F-11D3-BF4B-00C04F79EFBC}") = "Day7_CSharp", "Day7_CSharp\Day7_CSharp.csproj", "{E529F953-55AD-44DC-A620-E8A34B7CA424}"
EndProject
Project("{FAE04EC0-301F-11D3-BF4B-00C04F79EFBC}") = "Day8", "Day8\Day8.csproj", "{165C99C1-002A-4095-8F3D-2437570E2ECE}"
EndProject
Project("{FAE04EC0-301F-11D3-BF4B-00C04F79EFBC}") = "Day9", "Day9\Day9.csproj", "{A3FAF421-07EA-4B6D-8712-00E4590323F0}"
EndProject
Global
	GlobalSection(SolutionConfigurationPlatforms) = preSolution
		Debug|Any CPU = Debug|Any CPU
		Debug|x64 = Debug|x64
		Debug|x86 = Debug|x86
		Release|Any CPU = Release|Any CPU
		Release|x64 = Release|x64
		Release|x86 = Release|x86
	EndGlobalSection
	GlobalSection(ProjectConfigurationPlatforms) = postSolution
		{E529F953-55AD-44DC-A620-E8A34B7CA424}.Debug|Any CPU.ActiveCfg = Debug|Any CPU
		{E529F953-55AD-44DC-A620-E8A34B7CA424}.Debug|Any CPU.Build.0 = Debug|Any CPU
		{E529F953-55AD-44DC-A620-E8A34B7CA424}.Debug|x64.ActiveCfg = Debug|Any CPU
		{E529F953-55AD-44DC-A620-E8A34B7CA424}.Debug|x64.Build.0 = Debug|Any CPU
		{E529F953-55AD-44DC-A620-E8A34B7CA424}.Debug|x86.ActiveCfg = Debug|Any CPU
		{E529F953-55AD-44DC-A620-E8A34B7CA424}.Debug|x86.Build.0 = Debug|Any CPU
		{E529F953-55AD-44DC-A620-E8A34B7CA424}.Release|Any CPU.ActiveCfg = Release|Any CPU
		{E529F953-55AD-44DC-A620-E8A34B7CA424}.Release|Any CPU.Build.0 = Release|Any CPU
		{E529F953-55AD-44DC-A620-E8A34B7CA424}.Release|x64.ActiveCfg = Release|Any CPU
		{E529F953-55AD-44DC-A620-E8A34B7CA424}.Release|x64.Build.0 = Release|Any CPU
		{E529F953-55AD-44DC-A620-E8A34B7CA424}.Release|x86.ActiveCfg = Release|Any CPU
		{E529F953-55AD-44DC-A620-E8A34B7CA424}.Release|x86.Build.0 = Release|Any CPU
		{165C99C1-002A-4095-8F3D-2437570E2ECE}.Debug|Any CPU.ActiveCfg = Debug|Any CPU
		{165C99C1-002A-4095-8F3D-2437570E2ECE}.Debug|Any CPU.Build.0 = Debug|Any CPU
		{165C99C1-002A-4095-8F3D-2437570E2ECE}.Debug|x64.ActiveCfg = Debug|Any CPU
		{165C99C1-002A-4095-8F3D-2437570E2ECE}.Debug|x64.Build.0 = Debug|Any CPU
		{165C99C1-002A-4095-8F3D-2437570E2ECE}.Debug|x86.ActiveCfg = Debug|Any CPU
		{165C99C1-002A-4095-8F3D-2437570E2ECE}.Debug|x86.Build.0 = Debug|Any CPU
		{165C99C1-002A-4095-8F3D-2437570E2ECE}.Release|Any CPU.ActiveCfg = Release|Any CPU
		{165C99C1-002A-4095-8F3D-2437570E2ECE}.Release|Any CPU.Build.0 = Release|Any CPU
		{165C99C1-002A-4095-8F3D-2437570E2ECE}.Release|x64.ActiveCfg = Release|Any CPU
		{165C99C1-002A-4095-8F3D-2437570E2ECE}.Release|x64.Build.0 = Release|Any CPU
		{165C99C1-002A-4095-8F3D-2437570E2ECE}.Release|x86.ActiveCfg = Release|Any CPU
		{165C99C1-002A-4095-8F3D-2437570E2ECE}.Release|x86.Build.0 = Release|Any CPU
		{A3FAF421-07EA-4B6D-8712-00E4590323F0}.Debug|Any CPU.ActiveCfg = Debug|Any CPU
		{A3FAF421-07EA-4B6D-8712-00E4590323F0}.Debug|Any CPU.Build.0 = Debug|Any CPU
		{A3FAF421-07EA-4B6D-8712-00E4590323F0}.Debug|x64.ActiveCfg = Debug|Any CPU
		{A3FAF421-07EA-4B6D-8712-00E4590323F0}.Debug|x64.Build.0 = Debug|Any CPU
		{A3FAF421-07EA-4B6D-8712-00E4590323F0}.Debug|x86.ActiveCfg = Debug|Any CPU
		{A3FAF421-07EA-4B6D-8712-00E4590323F0}.Debug|x86.Build.0 = Debug|Any CPU
		{A3FAF421-07EA-4B6D-8712-00E4590323F0}.Release|Any CPU.ActiveCfg = Release|Any CPU
		{A3FAF421-07EA-4B6D-8712-00E4590323F0}.Release|Any CPU.Build.0 = Release|Any CPU
		{A3FAF421-07EA-4B6D-8712-00E4590323F0}.Release|x64.ActiveCfg = Release|Any CPU
		{A3FAF421-07EA-4B6D-8712-00E4590323F0}.Release|x64.Build.0 = Release|Any CPU
		{A3FAF421-07EA-4B6D-8712-00E4590323F0}.Release|x86.ActiveCfg = Release|Any CPU
		{A3FAF421-07EA-4B6D-8712-00E4590323F0}.Release|x86.Build.0 = Release|Any CPU
	EndGlobalSection
	GlobalSection(SolutionProperties) = preSolution
		HideSolutionNode = FALSE
	EndGlobalSection
EndGlobal
